
Microsoft Visual Studio Solution File, Format Version 12.00
# Visual Studio 15
VisualStudioVersion = 15.0.27130.2027
MinimumVisualStudioVersion = 10.0.40219.1
Project("{2150E333-8FDC-42A3-9474-1A3956D46DE8}") = "SolutionItmes", "SolutionItmes", "{AC980488-E445-47C6-8146-7562E6007693}"
EndProject
Project("{2150E333-8FDC-42A3-9474-1A3956D46DE8}") = "Src", "Src", "{A2A160D0-25B3-41F7-B9C6-24E1941CA433}"
EndProject
Project("{2150E333-8FDC-42A3-9474-1A3956D46DE8}") = "Services", "Services", "{44E04000-57B7-4A5D-8CD3-63D84B88E485}"
EndProject
Project("{2150E333-8FDC-42A3-9474-1A3956D46DE8}") = "EventBus", "EventBus", "{3E0C3BBB-2696-4055-9B13-43450D3D1055}"
EndProject
Project("{2150E333-8FDC-42A3-9474-1A3956D46DE8}") = "BuildingBlocks", "BuildingBlocks", "{D617E1A0-3C4B-4F4F-867D-3193A4466E71}"
EndProject
Project("{9A19103F-16F7-4668-BE54-9A1E7A4F7556}") = "EventBusServiceBus", "Src\BuildingBlocks\EventBus\EventBusServiceBus\EventBusServiceBus.csproj", "{8AAF9AEB-2B9D-43C7-804A-A2D78D0470D9}"
EndProject
Project("{9A19103F-16F7-4668-BE54-9A1E7A4F7556}") = "EventBus", "Src\BuildingBlocks\EventBus\EventBus\EventBus.csproj", "{EB3628FF-6163-4591-BCEA-D77FBBA5128F}"
EndProject
Project("{E53339B2-1760-4266-BCC7-CA923CBCF16C}") = "docker-compose", "docker-compose.dcproj", "{779085E4-9CEC-474F-971F-B76B7A1F413F}"
EndProject
Project("{2150E333-8FDC-42A3-9474-1A3956D46DE8}") = "Common", "Common", "{5066A366-10A7-4E65-A973-7DC2BD21B18D}"
EndProject
Project("{9A19103F-16F7-4668-BE54-9A1E7A4F7556}") = "ATL.Common", "Src\Common\ATL.Common\ATL.Common.csproj", "{C885FB64-4236-4E78-9185-B54434929C92}"
EndProject
Project("{9A19103F-16F7-4668-BE54-9A1E7A4F7556}") = "ATL.Messaging", "Src\Common\ATL.Messaging\ATL.Messaging.csproj", "{57DF893C-9A5E-47AC-BC5E-8E8F9B6DED1A}"
EndProject
Project("{9A19103F-16F7-4668-BE54-9A1E7A4F7556}") = "ATL_DAL", "Src\ATL_DAL\ATL_DAL.csproj", "{D326777E-BBD3-4DE7-BCAB-FFAFFC489760}"
EndProject
Project("{9A19103F-16F7-4668-BE54-9A1E7A4F7556}") = "ATL.Cache", "Src\Common\ATL.Cache\ATL.Cache.csproj", "{360CA9B1-220E-4A47-BA36-EF8FAA7DB9DC}"
EndProject
Project("{2150E333-8FDC-42A3-9474-1A3956D46DE8}") = "Resilience", "Resilience", "{8EF2C317-4119-49B7-A3C7-C191BD0351E7}"
EndProject
Project("{2150E333-8FDC-42A3-9474-1A3956D46DE8}") = "Resilience.Http", "Resilience.Http", "{5B08395A-0D81-4BE6-936D-A7E3077D9863}"
EndProject
Project("{9A19103F-16F7-4668-BE54-9A1E7A4F7556}") = "Resilience.Http", "Src\BuildingBlocks\Resilience\Resilience.Http\Resilience.Http.csproj", "{7C194E38-72E0-4A09-BD50-33E8F867CB72}"
EndProject
Project("{2150E333-8FDC-42A3-9474-1A3956D46DE8}") = "Notifications", "Notifications", "{69829852-80A7-474C-B410-D8DFC11A8416}"
EndProject
Project("{2150E333-8FDC-42A3-9474-1A3956D46DE8}") = "PushNotification", "PushNotification", "{1D763F5F-F1A4-48A5-9FC0-5D32A1AC6C65}"
EndProject
Project("{2150E333-8FDC-42A3-9474-1A3956D46DE8}") = "PlatForms", "PlatForms", "{E0E4E80B-59D7-421A-B40C-EAAC7DD95425}"
EndProject
Project("{9A19103F-16F7-4668-BE54-9A1E7A4F7556}") = "PushSharp.Core", "Src\BuildingBlocks\Notifications\PushNotification\PushSharp.Core\PushSharp.Core.csproj", "{9DFBA7B1-D5BA-4609-BF3F-6EB078D9465D}"
EndProject
Project("{9A19103F-16F7-4668-BE54-9A1E7A4F7556}") = "PushSharp.Apple", "Src\BuildingBlocks\Notifications\PushNotification\PlatForms\PushSharp.Apple\PushSharp.Apple.csproj", "{2EF53BEB-3ED2-484B-A26A-037037A92ED0}"
EndProject
Project("{9A19103F-16F7-4668-BE54-9A1E7A4F7556}") = "PushSharp.Google", "Src\BuildingBlocks\Notifications\PushNotification\PlatForms\PushSharp.Google\PushSharp.Google.csproj", "{B65078EF-7B7D-47E2-8948-8054854F3511}"
EndProject
Project("{9A19103F-16F7-4668-BE54-9A1E7A4F7556}") = "ATL-CMS", "Src\CMS\ATL-CMS\ATL-CMS.csproj", "{F5EABB53-AC2E-441F-B3E3-CC66E5372E7E}"
EndProject
Project("{9A19103F-16F7-4668-BE54-9A1E7A4F7556}") = "MOBOT.API", "Src\Services\MOBOT.API\MOBOT.API.csproj", "{F0CAE900-4B0A-42B8-82B7-7291E2D7FA4B}"
EndProject
Project("{2150E333-8FDC-42A3-9474-1A3956D46DE8}") = "CMS", "CMS", "{F00DA36E-D9CA-4FE1-9162-4EBFD7F8AA6D}"
EndProject
Project("{9A19103F-16F7-4668-BE54-9A1E7A4F7556}") = "Identity.API", "Src\Services\Identity.API\Identity.API.csproj", "{6BAF94E1-25CC-43EE-9DA9-6FA4961D6C64}"
EndProject
Project("{9A19103F-16F7-4668-BE54-9A1E7A4F7556}") = "LOBOT.API", "Src\Services\LOBOT.API\LOBOT.API.csproj", "{B3EDE8AF-27DB-438B-B342-0247119F7147}"
EndProject
Project("{9A19103F-16F7-4668-BE54-9A1E7A4F7556}") = "CRM.API", "Src\Services\CRM.API\CRM.API.csproj", "{80040290-B462-474B-8BC3-3E0AB1875519}"
EndProject
Project("{9A19103F-16F7-4668-BE54-9A1E7A4F7556}") = "ConfigureService.API", "Src\Services\ConfigureService.API\ConfigureService.API.csproj", "{E170E442-A9CC-44D6-9902-FBCE58E52A39}"
EndProject
Project("{9A19103F-16F7-4668-BE54-9A1E7A4F7556}") = "BorrowerReg.API", "Src\Services\BorrowerReg.API\BorrowerReg.API.csproj", "{F56811DD-9192-472B-AF2E-A2C673368BC2}"
EndProject
Project("{9A19103F-16F7-4668-BE54-9A1E7A4F7556}") = "Trustee.API", "Src\Services\Trustee.API\Trustee.API.csproj", "{E67C9C29-F9BD-4020-BFC5-314C083F01A0}"
EndProject
Project("{2150E333-8FDC-42A3-9474-1A3956D46DE8}") = "Trustee", "Trustee", "{EDDC812E-5054-4D8D-9C45-DD7BA6BD5096}"
EndProject
Project("{9A19103F-16F7-4668-BE54-9A1E7A4F7556}") = "LenderReg.API", "Src\Services\LenderReg.API\LenderReg.API.csproj", "{8A5F913E-77CA-4307-8789-8A8D6869B1FC}"
EndProject
Project("{9A19103F-16F7-4668-BE54-9A1E7A4F7556}") = "Trustee", "Src\Trustee\trustee\Trustee.csproj", "{FD771F9D-3A91-4E73-9CCA-7EA4371B67FA}"
EndProject
Project("{9A19103F-16F7-4668-BE54-9A1E7A4F7556}") = "IdentityWebApp", "IdentityWebApp\IdentityWebApp.csproj", "{F3DB5AD7-D7B4-4075-933A-A7BC5BED8088}"
EndProject
Project("{9A19103F-16F7-4668-BE54-9A1E7A4F7556}") = "LoanManagement.API", "Src\Services\LoanManagement.API\LoanManagement.API\LoanManagement.API.csproj", "{7D8B9D00-F15E-4208-B2DB-99A275E5E49D}"
EndProject
Project("{9A19103F-16F7-4668-BE54-9A1E7A4F7556}") = "BackOffice.API", "Src\Services\LoanManagement.JobProcessor\BackOffice.API.csproj", "{DADD84E2-4C22-485D-8D43-549928B62FC2}"
EndProject
Project("{9A19103F-16F7-4668-BE54-9A1E7A4F7556}") = "Reconciliation.API", "Src\Services\LoanManagement.Reconcilation\Reconciliation.API.csproj", "{872F8A6A-A873-4E1B-8727-789D9031351D}"
EndProject
Project("{9A19103F-16F7-4668-BE54-9A1E7A4F7556}") = "ATL.BackgroundTasks", "Src\Services\ATL.BackgroundTasks\ATL.BackgroundTasks.csproj", "{1EC3AC20-266D-4A56-84CC-6F71B7D91D45}"
EndProject
Global
	GlobalSection(SolutionConfigurationPlatforms) = preSolution
		Debug|Any CPU = Debug|Any CPU
		HA-Dev|Any CPU = HA-Dev|Any CPU
		HA-QA|Any CPU = HA-QA|Any CPU
		Release|Any CPU = Release|Any CPU
	EndGlobalSection
	GlobalSection(ProjectConfigurationPlatforms) = postSolution
		{8AAF9AEB-2B9D-43C7-804A-A2D78D0470D9}.Debug|Any CPU.ActiveCfg = Debug|Any CPU
		{8AAF9AEB-2B9D-43C7-804A-A2D78D0470D9}.Debug|Any CPU.Build.0 = Debug|Any CPU
		{8AAF9AEB-2B9D-43C7-804A-A2D78D0470D9}.HA-Dev|Any CPU.ActiveCfg = Release|Any CPU
		{8AAF9AEB-2B9D-43C7-804A-A2D78D0470D9}.HA-Dev|Any CPU.Build.0 = Release|Any CPU
		{8AAF9AEB-2B9D-43C7-804A-A2D78D0470D9}.HA-QA|Any CPU.ActiveCfg = Release|Any CPU
		{8AAF9AEB-2B9D-43C7-804A-A2D78D0470D9}.HA-QA|Any CPU.Build.0 = Release|Any CPU
		{8AAF9AEB-2B9D-43C7-804A-A2D78D0470D9}.Release|Any CPU.ActiveCfg = Release|Any CPU
		{8AAF9AEB-2B9D-43C7-804A-A2D78D0470D9}.Release|Any CPU.Build.0 = Release|Any CPU
		{EB3628FF-6163-4591-BCEA-D77FBBA5128F}.Debug|Any CPU.ActiveCfg = Debug|Any CPU
		{EB3628FF-6163-4591-BCEA-D77FBBA5128F}.Debug|Any CPU.Build.0 = Debug|Any CPU
		{EB3628FF-6163-4591-BCEA-D77FBBA5128F}.HA-Dev|Any CPU.ActiveCfg = Release|Any CPU
		{EB3628FF-6163-4591-BCEA-D77FBBA5128F}.HA-Dev|Any CPU.Build.0 = Release|Any CPU
		{EB3628FF-6163-4591-BCEA-D77FBBA5128F}.HA-QA|Any CPU.ActiveCfg = Release|Any CPU
		{EB3628FF-6163-4591-BCEA-D77FBBA5128F}.HA-QA|Any CPU.Build.0 = Release|Any CPU
		{EB3628FF-6163-4591-BCEA-D77FBBA5128F}.Release|Any CPU.ActiveCfg = Release|Any CPU
		{EB3628FF-6163-4591-BCEA-D77FBBA5128F}.Release|Any CPU.Build.0 = Release|Any CPU
		{779085E4-9CEC-474F-971F-B76B7A1F413F}.Debug|Any CPU.ActiveCfg = Debug|Any CPU
		{779085E4-9CEC-474F-971F-B76B7A1F413F}.Debug|Any CPU.Build.0 = Debug|Any CPU
		{779085E4-9CEC-474F-971F-B76B7A1F413F}.HA-Dev|Any CPU.ActiveCfg = Release|Any CPU
		{779085E4-9CEC-474F-971F-B76B7A1F413F}.HA-Dev|Any CPU.Build.0 = Release|Any CPU
		{779085E4-9CEC-474F-971F-B76B7A1F413F}.HA-QA|Any CPU.ActiveCfg = Release|Any CPU
		{779085E4-9CEC-474F-971F-B76B7A1F413F}.HA-QA|Any CPU.Build.0 = Release|Any CPU
		{779085E4-9CEC-474F-971F-B76B7A1F413F}.Release|Any CPU.ActiveCfg = Release|Any CPU
		{779085E4-9CEC-474F-971F-B76B7A1F413F}.Release|Any CPU.Build.0 = Release|Any CPU
		{C885FB64-4236-4E78-9185-B54434929C92}.Debug|Any CPU.ActiveCfg = Debug|Any CPU
		{C885FB64-4236-4E78-9185-B54434929C92}.Debug|Any CPU.Build.0 = Debug|Any CPU
		{C885FB64-4236-4E78-9185-B54434929C92}.HA-Dev|Any CPU.ActiveCfg = Debug|Any CPU
		{C885FB64-4236-4E78-9185-B54434929C92}.HA-Dev|Any CPU.Build.0 = Debug|Any CPU
		{C885FB64-4236-4E78-9185-B54434929C92}.HA-QA|Any CPU.ActiveCfg = Debug|Any CPU
		{C885FB64-4236-4E78-9185-B54434929C92}.HA-QA|Any CPU.Build.0 = Debug|Any CPU
		{C885FB64-4236-4E78-9185-B54434929C92}.Release|Any CPU.ActiveCfg = Release|Any CPU
		{C885FB64-4236-4E78-9185-B54434929C92}.Release|Any CPU.Build.0 = Release|Any CPU
		{57DF893C-9A5E-47AC-BC5E-8E8F9B6DED1A}.Debug|Any CPU.ActiveCfg = Debug|Any CPU
		{57DF893C-9A5E-47AC-BC5E-8E8F9B6DED1A}.Debug|Any CPU.Build.0 = Debug|Any CPU
		{57DF893C-9A5E-47AC-BC5E-8E8F9B6DED1A}.HA-Dev|Any CPU.ActiveCfg = Debug|Any CPU
		{57DF893C-9A5E-47AC-BC5E-8E8F9B6DED1A}.HA-Dev|Any CPU.Build.0 = Debug|Any CPU
		{57DF893C-9A5E-47AC-BC5E-8E8F9B6DED1A}.HA-QA|Any CPU.ActiveCfg = Debug|Any CPU
		{57DF893C-9A5E-47AC-BC5E-8E8F9B6DED1A}.HA-QA|Any CPU.Build.0 = Debug|Any CPU
		{57DF893C-9A5E-47AC-BC5E-8E8F9B6DED1A}.Release|Any CPU.ActiveCfg = Release|Any CPU
		{57DF893C-9A5E-47AC-BC5E-8E8F9B6DED1A}.Release|Any CPU.Build.0 = Release|Any CPU
		{D326777E-BBD3-4DE7-BCAB-FFAFFC489760}.Debug|Any CPU.ActiveCfg = Debug|Any CPU
		{D326777E-BBD3-4DE7-BCAB-FFAFFC489760}.Debug|Any CPU.Build.0 = Debug|Any CPU
		{D326777E-BBD3-4DE7-BCAB-FFAFFC489760}.HA-Dev|Any CPU.ActiveCfg = Debug|Any CPU
		{D326777E-BBD3-4DE7-BCAB-FFAFFC489760}.HA-Dev|Any CPU.Build.0 = Debug|Any CPU
		{D326777E-BBD3-4DE7-BCAB-FFAFFC489760}.HA-QA|Any CPU.ActiveCfg = Debug|Any CPU
		{D326777E-BBD3-4DE7-BCAB-FFAFFC489760}.HA-QA|Any CPU.Build.0 = Debug|Any CPU
		{D326777E-BBD3-4DE7-BCAB-FFAFFC489760}.Release|Any CPU.ActiveCfg = Release|Any CPU
		{D326777E-BBD3-4DE7-BCAB-FFAFFC489760}.Release|Any CPU.Build.0 = Release|Any CPU
		{360CA9B1-220E-4A47-BA36-EF8FAA7DB9DC}.Debug|Any CPU.ActiveCfg = Debug|Any CPU
		{360CA9B1-220E-4A47-BA36-EF8FAA7DB9DC}.Debug|Any CPU.Build.0 = Debug|Any CPU
		{360CA9B1-220E-4A47-BA36-EF8FAA7DB9DC}.HA-Dev|Any CPU.ActiveCfg = Debug|Any CPU
		{360CA9B1-220E-4A47-BA36-EF8FAA7DB9DC}.HA-Dev|Any CPU.Build.0 = Debug|Any CPU
		{360CA9B1-220E-4A47-BA36-EF8FAA7DB9DC}.HA-QA|Any CPU.ActiveCfg = Debug|Any CPU
		{360CA9B1-220E-4A47-BA36-EF8FAA7DB9DC}.HA-QA|Any CPU.Build.0 = Debug|Any CPU
		{360CA9B1-220E-4A47-BA36-EF8FAA7DB9DC}.Release|Any CPU.ActiveCfg = Release|Any CPU
		{360CA9B1-220E-4A47-BA36-EF8FAA7DB9DC}.Release|Any CPU.Build.0 = Release|Any CPU
		{7C194E38-72E0-4A09-BD50-33E8F867CB72}.Debug|Any CPU.ActiveCfg = Debug|Any CPU
		{7C194E38-72E0-4A09-BD50-33E8F867CB72}.Debug|Any CPU.Build.0 = Debug|Any CPU
		{7C194E38-72E0-4A09-BD50-33E8F867CB72}.HA-Dev|Any CPU.ActiveCfg = Debug|Any CPU
		{7C194E38-72E0-4A09-BD50-33E8F867CB72}.HA-Dev|Any CPU.Build.0 = Debug|Any CPU
		{7C194E38-72E0-4A09-BD50-33E8F867CB72}.HA-QA|Any CPU.ActiveCfg = Debug|Any CPU
		{7C194E38-72E0-4A09-BD50-33E8F867CB72}.HA-QA|Any CPU.Build.0 = Debug|Any CPU
		{7C194E38-72E0-4A09-BD50-33E8F867CB72}.Release|Any CPU.ActiveCfg = Release|Any CPU
		{7C194E38-72E0-4A09-BD50-33E8F867CB72}.Release|Any CPU.Build.0 = Release|Any CPU
		{9DFBA7B1-D5BA-4609-BF3F-6EB078D9465D}.Debug|Any CPU.ActiveCfg = Debug|Any CPU
		{9DFBA7B1-D5BA-4609-BF3F-6EB078D9465D}.Debug|Any CPU.Build.0 = Debug|Any CPU
		{9DFBA7B1-D5BA-4609-BF3F-6EB078D9465D}.HA-Dev|Any CPU.ActiveCfg = Debug|Any CPU
		{9DFBA7B1-D5BA-4609-BF3F-6EB078D9465D}.HA-Dev|Any CPU.Build.0 = Debug|Any CPU
		{9DFBA7B1-D5BA-4609-BF3F-6EB078D9465D}.HA-QA|Any CPU.ActiveCfg = Debug|Any CPU
		{9DFBA7B1-D5BA-4609-BF3F-6EB078D9465D}.HA-QA|Any CPU.Build.0 = Debug|Any CPU
		{9DFBA7B1-D5BA-4609-BF3F-6EB078D9465D}.Release|Any CPU.ActiveCfg = Release|Any CPU
		{9DFBA7B1-D5BA-4609-BF3F-6EB078D9465D}.Release|Any CPU.Build.0 = Release|Any CPU
		{2EF53BEB-3ED2-484B-A26A-037037A92ED0}.Debug|Any CPU.ActiveCfg = Debug|Any CPU
		{2EF53BEB-3ED2-484B-A26A-037037A92ED0}.Debug|Any CPU.Build.0 = Debug|Any CPU
		{2EF53BEB-3ED2-484B-A26A-037037A92ED0}.HA-Dev|Any CPU.ActiveCfg = Debug|Any CPU
		{2EF53BEB-3ED2-484B-A26A-037037A92ED0}.HA-Dev|Any CPU.Build.0 = Debug|Any CPU
		{2EF53BEB-3ED2-484B-A26A-037037A92ED0}.HA-QA|Any CPU.ActiveCfg = Debug|Any CPU
		{2EF53BEB-3ED2-484B-A26A-037037A92ED0}.HA-QA|Any CPU.Build.0 = Debug|Any CPU
		{2EF53BEB-3ED2-484B-A26A-037037A92ED0}.Release|Any CPU.ActiveCfg = Release|Any CPU
		{2EF53BEB-3ED2-484B-A26A-037037A92ED0}.Release|Any CPU.Build.0 = Release|Any CPU
		{B65078EF-7B7D-47E2-8948-8054854F3511}.Debug|Any CPU.ActiveCfg = Debug|Any CPU
		{B65078EF-7B7D-47E2-8948-8054854F3511}.Debug|Any CPU.Build.0 = Debug|Any CPU
		{B65078EF-7B7D-47E2-8948-8054854F3511}.HA-Dev|Any CPU.ActiveCfg = Debug|Any CPU
		{B65078EF-7B7D-47E2-8948-8054854F3511}.HA-Dev|Any CPU.Build.0 = Debug|Any CPU
		{B65078EF-7B7D-47E2-8948-8054854F3511}.HA-QA|Any CPU.ActiveCfg = Debug|Any CPU
		{B65078EF-7B7D-47E2-8948-8054854F3511}.HA-QA|Any CPU.Build.0 = Debug|Any CPU
		{B65078EF-7B7D-47E2-8948-8054854F3511}.Release|Any CPU.ActiveCfg = Release|Any CPU
		{B65078EF-7B7D-47E2-8948-8054854F3511}.Release|Any CPU.Build.0 = Release|Any CPU
		{F5EABB53-AC2E-441F-B3E3-CC66E5372E7E}.Debug|Any CPU.ActiveCfg = Debug|Any CPU
		{F5EABB53-AC2E-441F-B3E3-CC66E5372E7E}.Debug|Any CPU.Build.0 = Debug|Any CPU
		{F5EABB53-AC2E-441F-B3E3-CC66E5372E7E}.HA-Dev|Any CPU.ActiveCfg = Debug|Any CPU
		{F5EABB53-AC2E-441F-B3E3-CC66E5372E7E}.HA-Dev|Any CPU.Build.0 = Debug|Any CPU
		{F5EABB53-AC2E-441F-B3E3-CC66E5372E7E}.HA-QA|Any CPU.ActiveCfg = Debug|Any CPU
		{F5EABB53-AC2E-441F-B3E3-CC66E5372E7E}.HA-QA|Any CPU.Build.0 = Debug|Any CPU
		{F5EABB53-AC2E-441F-B3E3-CC66E5372E7E}.Release|Any CPU.ActiveCfg = Release|Any CPU
		{F5EABB53-AC2E-441F-B3E3-CC66E5372E7E}.Release|Any CPU.Build.0 = Release|Any CPU
		{F0CAE900-4B0A-42B8-82B7-7291E2D7FA4B}.Debug|Any CPU.ActiveCfg = Debug|Any CPU
		{F0CAE900-4B0A-42B8-82B7-7291E2D7FA4B}.Debug|Any CPU.Build.0 = Debug|Any CPU
		{F0CAE900-4B0A-42B8-82B7-7291E2D7FA4B}.HA-Dev|Any CPU.ActiveCfg = Debug|Any CPU
		{F0CAE900-4B0A-42B8-82B7-7291E2D7FA4B}.HA-Dev|Any CPU.Build.0 = Debug|Any CPU
		{F0CAE900-4B0A-42B8-82B7-7291E2D7FA4B}.HA-QA|Any CPU.ActiveCfg = Debug|Any CPU
		{F0CAE900-4B0A-42B8-82B7-7291E2D7FA4B}.HA-QA|Any CPU.Build.0 = Debug|Any CPU
		{F0CAE900-4B0A-42B8-82B7-7291E2D7FA4B}.Release|Any CPU.ActiveCfg = Release|Any CPU
		{F0CAE900-4B0A-42B8-82B7-7291E2D7FA4B}.Release|Any CPU.Build.0 = Release|Any CPU
		{6BAF94E1-25CC-43EE-9DA9-6FA4961D6C64}.Debug|Any CPU.ActiveCfg = Debug|Any CPU
		{6BAF94E1-25CC-43EE-9DA9-6FA4961D6C64}.Debug|Any CPU.Build.0 = Debug|Any CPU
		{6BAF94E1-25CC-43EE-9DA9-6FA4961D6C64}.HA-Dev|Any CPU.ActiveCfg = Debug|Any CPU
		{6BAF94E1-25CC-43EE-9DA9-6FA4961D6C64}.HA-Dev|Any CPU.Build.0 = Debug|Any CPU
		{6BAF94E1-25CC-43EE-9DA9-6FA4961D6C64}.HA-QA|Any CPU.ActiveCfg = Debug|Any CPU
		{6BAF94E1-25CC-43EE-9DA9-6FA4961D6C64}.HA-QA|Any CPU.Build.0 = Debug|Any CPU
		{6BAF94E1-25CC-43EE-9DA9-6FA4961D6C64}.Release|Any CPU.ActiveCfg = Release|Any CPU
		{6BAF94E1-25CC-43EE-9DA9-6FA4961D6C64}.Release|Any CPU.Build.0 = Release|Any CPU
		{B3EDE8AF-27DB-438B-B342-0247119F7147}.Debug|Any CPU.ActiveCfg = Debug|Any CPU
		{B3EDE8AF-27DB-438B-B342-0247119F7147}.Debug|Any CPU.Build.0 = Debug|Any CPU
		{B3EDE8AF-27DB-438B-B342-0247119F7147}.HA-Dev|Any CPU.ActiveCfg = Debug|Any CPU
		{B3EDE8AF-27DB-438B-B342-0247119F7147}.HA-Dev|Any CPU.Build.0 = Debug|Any CPU
		{B3EDE8AF-27DB-438B-B342-0247119F7147}.HA-QA|Any CPU.ActiveCfg = Debug|Any CPU
		{B3EDE8AF-27DB-438B-B342-0247119F7147}.HA-QA|Any CPU.Build.0 = Debug|Any CPU
		{B3EDE8AF-27DB-438B-B342-0247119F7147}.Release|Any CPU.ActiveCfg = Release|Any CPU
		{B3EDE8AF-27DB-438B-B342-0247119F7147}.Release|Any CPU.Build.0 = Release|Any CPU
		{80040290-B462-474B-8BC3-3E0AB1875519}.Debug|Any CPU.ActiveCfg = Debug|Any CPU
		{80040290-B462-474B-8BC3-3E0AB1875519}.Debug|Any CPU.Build.0 = Debug|Any CPU
		{80040290-B462-474B-8BC3-3E0AB1875519}.HA-Dev|Any CPU.ActiveCfg = Debug|Any CPU
		{80040290-B462-474B-8BC3-3E0AB1875519}.HA-Dev|Any CPU.Build.0 = Debug|Any CPU
		{80040290-B462-474B-8BC3-3E0AB1875519}.HA-QA|Any CPU.ActiveCfg = Debug|Any CPU
		{80040290-B462-474B-8BC3-3E0AB1875519}.HA-QA|Any CPU.Build.0 = Debug|Any CPU
		{80040290-B462-474B-8BC3-3E0AB1875519}.Release|Any CPU.ActiveCfg = Release|Any CPU
		{80040290-B462-474B-8BC3-3E0AB1875519}.Release|Any CPU.Build.0 = Release|Any CPU
		{E170E442-A9CC-44D6-9902-FBCE58E52A39}.Debug|Any CPU.ActiveCfg = Debug|Any CPU
		{E170E442-A9CC-44D6-9902-FBCE58E52A39}.Debug|Any CPU.Build.0 = Debug|Any CPU
		{E170E442-A9CC-44D6-9902-FBCE58E52A39}.HA-Dev|Any CPU.ActiveCfg = Debug|Any CPU
		{E170E442-A9CC-44D6-9902-FBCE58E52A39}.HA-Dev|Any CPU.Build.0 = Debug|Any CPU
		{E170E442-A9CC-44D6-9902-FBCE58E52A39}.HA-QA|Any CPU.ActiveCfg = Debug|Any CPU
		{E170E442-A9CC-44D6-9902-FBCE58E52A39}.HA-QA|Any CPU.Build.0 = Debug|Any CPU
		{E170E442-A9CC-44D6-9902-FBCE58E52A39}.Release|Any CPU.ActiveCfg = Release|Any CPU
		{E170E442-A9CC-44D6-9902-FBCE58E52A39}.Release|Any CPU.Build.0 = Release|Any CPU
		{F56811DD-9192-472B-AF2E-A2C673368BC2}.Debug|Any CPU.ActiveCfg = Debug|Any CPU
		{F56811DD-9192-472B-AF2E-A2C673368BC2}.Debug|Any CPU.Build.0 = Debug|Any CPU
		{F56811DD-9192-472B-AF2E-A2C673368BC2}.HA-Dev|Any CPU.ActiveCfg = Debug|Any CPU
		{F56811DD-9192-472B-AF2E-A2C673368BC2}.HA-Dev|Any CPU.Build.0 = Debug|Any CPU
		{F56811DD-9192-472B-AF2E-A2C673368BC2}.HA-QA|Any CPU.ActiveCfg = Debug|Any CPU
		{F56811DD-9192-472B-AF2E-A2C673368BC2}.HA-QA|Any CPU.Build.0 = Debug|Any CPU
		{F56811DD-9192-472B-AF2E-A2C673368BC2}.Release|Any CPU.ActiveCfg = Release|Any CPU
		{F56811DD-9192-472B-AF2E-A2C673368BC2}.Release|Any CPU.Build.0 = Release|Any CPU
		{E67C9C29-F9BD-4020-BFC5-314C083F01A0}.Debug|Any CPU.ActiveCfg = Debug|Any CPU
		{E67C9C29-F9BD-4020-BFC5-314C083F01A0}.Debug|Any CPU.Build.0 = Debug|Any CPU
		{E67C9C29-F9BD-4020-BFC5-314C083F01A0}.HA-Dev|Any CPU.ActiveCfg = Debug|Any CPU
		{E67C9C29-F9BD-4020-BFC5-314C083F01A0}.HA-Dev|Any CPU.Build.0 = Debug|Any CPU
		{E67C9C29-F9BD-4020-BFC5-314C083F01A0}.HA-QA|Any CPU.ActiveCfg = Debug|Any CPU
		{E67C9C29-F9BD-4020-BFC5-314C083F01A0}.HA-QA|Any CPU.Build.0 = Debug|Any CPU
		{E67C9C29-F9BD-4020-BFC5-314C083F01A0}.Release|Any CPU.ActiveCfg = Release|Any CPU
		{E67C9C29-F9BD-4020-BFC5-314C083F01A0}.Release|Any CPU.Build.0 = Release|Any CPU
		{8A5F913E-77CA-4307-8789-8A8D6869B1FC}.Debug|Any CPU.ActiveCfg = Debug|Any CPU
		{8A5F913E-77CA-4307-8789-8A8D6869B1FC}.Debug|Any CPU.Build.0 = Debug|Any CPU
		{8A5F913E-77CA-4307-8789-8A8D6869B1FC}.HA-Dev|Any CPU.ActiveCfg = Debug|Any CPU
		{8A5F913E-77CA-4307-8789-8A8D6869B1FC}.HA-Dev|Any CPU.Build.0 = Debug|Any CPU
		{8A5F913E-77CA-4307-8789-8A8D6869B1FC}.HA-QA|Any CPU.ActiveCfg = Debug|Any CPU
		{8A5F913E-77CA-4307-8789-8A8D6869B1FC}.HA-QA|Any CPU.Build.0 = Debug|Any CPU
		{8A5F913E-77CA-4307-8789-8A8D6869B1FC}.Release|Any CPU.ActiveCfg = Release|Any CPU
		{8A5F913E-77CA-4307-8789-8A8D6869B1FC}.Release|Any CPU.Build.0 = Release|Any CPU
		{FD771F9D-3A91-4E73-9CCA-7EA4371B67FA}.Debug|Any CPU.ActiveCfg = Debug|Any CPU
		{FD771F9D-3A91-4E73-9CCA-7EA4371B67FA}.Debug|Any CPU.Build.0 = Debug|Any CPU
		{FD771F9D-3A91-4E73-9CCA-7EA4371B67FA}.HA-Dev|Any CPU.ActiveCfg = Debug|Any CPU
		{FD771F9D-3A91-4E73-9CCA-7EA4371B67FA}.HA-Dev|Any CPU.Build.0 = Debug|Any CPU
		{FD771F9D-3A91-4E73-9CCA-7EA4371B67FA}.HA-QA|Any CPU.ActiveCfg = Debug|Any CPU
		{FD771F9D-3A91-4E73-9CCA-7EA4371B67FA}.HA-QA|Any CPU.Build.0 = Debug|Any CPU
		{FD771F9D-3A91-4E73-9CCA-7EA4371B67FA}.Release|Any CPU.ActiveCfg = Release|Any CPU
		{FD771F9D-3A91-4E73-9CCA-7EA4371B67FA}.Release|Any CPU.Build.0 = Release|Any CPU
		{F3DB5AD7-D7B4-4075-933A-A7BC5BED8088}.Debug|Any CPU.ActiveCfg = Debug|Any CPU
		{F3DB5AD7-D7B4-4075-933A-A7BC5BED8088}.Debug|Any CPU.Build.0 = Debug|Any CPU
		{F3DB5AD7-D7B4-4075-933A-A7BC5BED8088}.HA-Dev|Any CPU.ActiveCfg = Debug|Any CPU
		{F3DB5AD7-D7B4-4075-933A-A7BC5BED8088}.HA-Dev|Any CPU.Build.0 = Debug|Any CPU
		{F3DB5AD7-D7B4-4075-933A-A7BC5BED8088}.HA-QA|Any CPU.ActiveCfg = Debug|Any CPU
		{F3DB5AD7-D7B4-4075-933A-A7BC5BED8088}.HA-QA|Any CPU.Build.0 = Debug|Any CPU
		{F3DB5AD7-D7B4-4075-933A-A7BC5BED8088}.Release|Any CPU.ActiveCfg = Release|Any CPU
		{F3DB5AD7-D7B4-4075-933A-A7BC5BED8088}.Release|Any CPU.Build.0 = Release|Any CPU
		{7D8B9D00-F15E-4208-B2DB-99A275E5E49D}.Debug|Any CPU.ActiveCfg = Debug|Any CPU
		{7D8B9D00-F15E-4208-B2DB-99A275E5E49D}.Debug|Any CPU.Build.0 = Debug|Any CPU
		{7D8B9D00-F15E-4208-B2DB-99A275E5E49D}.HA-Dev|Any CPU.ActiveCfg = Debug|Any CPU
		{7D8B9D00-F15E-4208-B2DB-99A275E5E49D}.HA-Dev|Any CPU.Build.0 = Debug|Any CPU
		{7D8B9D00-F15E-4208-B2DB-99A275E5E49D}.HA-QA|Any CPU.ActiveCfg = Debug|Any CPU
		{7D8B9D00-F15E-4208-B2DB-99A275E5E49D}.HA-QA|Any CPU.Build.0 = Debug|Any CPU
		{7D8B9D00-F15E-4208-B2DB-99A275E5E49D}.Release|Any CPU.ActiveCfg = Release|Any CPU
		{7D8B9D00-F15E-4208-B2DB-99A275E5E49D}.Release|Any CPU.Build.0 = Release|Any CPU
		{DADD84E2-4C22-485D-8D43-549928B62FC2}.Debug|Any CPU.ActiveCfg = Debug|Any CPU
		{DADD84E2-4C22-485D-8D43-549928B62FC2}.Debug|Any CPU.Build.0 = Debug|Any CPU
		{DADD84E2-4C22-485D-8D43-549928B62FC2}.HA-Dev|Any CPU.ActiveCfg = Debug|Any CPU
		{DADD84E2-4C22-485D-8D43-549928B62FC2}.HA-Dev|Any CPU.Build.0 = Debug|Any CPU
		{DADD84E2-4C22-485D-8D43-549928B62FC2}.HA-QA|Any CPU.ActiveCfg = Debug|Any CPU
		{DADD84E2-4C22-485D-8D43-549928B62FC2}.HA-QA|Any CPU.Build.0 = Debug|Any CPU
		{DADD84E2-4C22-485D-8D43-549928B62FC2}.Release|Any CPU.ActiveCfg = Release|Any CPU
		{DADD84E2-4C22-485D-8D43-549928B62FC2}.Release|Any CPU.Build.0 = Release|Any CPU
		{872F8A6A-A873-4E1B-8727-789D9031351D}.Debug|Any CPU.ActiveCfg = Debug|Any CPU
		{872F8A6A-A873-4E1B-8727-789D9031351D}.Debug|Any CPU.Build.0 = Debug|Any CPU
		{872F8A6A-A873-4E1B-8727-789D9031351D}.HA-Dev|Any CPU.ActiveCfg = Debug|Any CPU
		{872F8A6A-A873-4E1B-8727-789D9031351D}.HA-Dev|Any CPU.Build.0 = Debug|Any CPU
		{872F8A6A-A873-4E1B-8727-789D9031351D}.HA-QA|Any CPU.ActiveCfg = Debug|Any CPU
		{872F8A6A-A873-4E1B-8727-789D9031351D}.HA-QA|Any CPU.Build.0 = Debug|Any CPU
		{872F8A6A-A873-4E1B-8727-789D9031351D}.Release|Any CPU.ActiveCfg = Release|Any CPU
		{872F8A6A-A873-4E1B-8727-789D9031351D}.Release|Any CPU.Build.0 = Release|Any CPU
		{1EC3AC20-266D-4A56-84CC-6F71B7D91D45}.Debug|Any CPU.ActiveCfg = Debug|Any CPU
		{1EC3AC20-266D-4A56-84CC-6F71B7D91D45}.Debug|Any CPU.Build.0 = Debug|Any CPU
		{1EC3AC20-266D-4A56-84CC-6F71B7D91D45}.HA-Dev|Any CPU.ActiveCfg = Debug|Any CPU
		{1EC3AC20-266D-4A56-84CC-6F71B7D91D45}.HA-Dev|Any CPU.Build.0 = Debug|Any CPU
		{1EC3AC20-266D-4A56-84CC-6F71B7D91D45}.HA-QA|Any CPU.ActiveCfg = Debug|Any CPU
		{1EC3AC20-266D-4A56-84CC-6F71B7D91D45}.HA-QA|Any CPU.Build.0 = Debug|Any CPU
		{1EC3AC20-266D-4A56-84CC-6F71B7D91D45}.Release|Any CPU.ActiveCfg = Release|Any CPU
		{1EC3AC20-266D-4A56-84CC-6F71B7D91D45}.Release|Any CPU.Build.0 = Release|Any CPU
	EndGlobalSection
	GlobalSection(SolutionProperties) = preSolution
		HideSolutionNode = FALSE
	EndGlobalSection
	GlobalSection(NestedProjects) = preSolution
		{44E04000-57B7-4A5D-8CD3-63D84B88E485} = {A2A160D0-25B3-41F7-B9C6-24E1941CA433}
		{3E0C3BBB-2696-4055-9B13-43450D3D1055} = {D617E1A0-3C4B-4F4F-867D-3193A4466E71}
		{D617E1A0-3C4B-4F4F-867D-3193A4466E71} = {A2A160D0-25B3-41F7-B9C6-24E1941CA433}
		{8AAF9AEB-2B9D-43C7-804A-A2D78D0470D9} = {3E0C3BBB-2696-4055-9B13-43450D3D1055}
		{EB3628FF-6163-4591-BCEA-D77FBBA5128F} = {3E0C3BBB-2696-4055-9B13-43450D3D1055}
		{5066A366-10A7-4E65-A973-7DC2BD21B18D} = {A2A160D0-25B3-41F7-B9C6-24E1941CA433}
		{C885FB64-4236-4E78-9185-B54434929C92} = {5066A366-10A7-4E65-A973-7DC2BD21B18D}
		{57DF893C-9A5E-47AC-BC5E-8E8F9B6DED1A} = {5066A366-10A7-4E65-A973-7DC2BD21B18D}
		{D326777E-BBD3-4DE7-BCAB-FFAFFC489760} = {A2A160D0-25B3-41F7-B9C6-24E1941CA433}
		{360CA9B1-220E-4A47-BA36-EF8FAA7DB9DC} = {5066A366-10A7-4E65-A973-7DC2BD21B18D}
		{8EF2C317-4119-49B7-A3C7-C191BD0351E7} = {D617E1A0-3C4B-4F4F-867D-3193A4466E71}
		{5B08395A-0D81-4BE6-936D-A7E3077D9863} = {8EF2C317-4119-49B7-A3C7-C191BD0351E7}
		{7C194E38-72E0-4A09-BD50-33E8F867CB72} = {5B08395A-0D81-4BE6-936D-A7E3077D9863}
		{69829852-80A7-474C-B410-D8DFC11A8416} = {D617E1A0-3C4B-4F4F-867D-3193A4466E71}
		{1D763F5F-F1A4-48A5-9FC0-5D32A1AC6C65} = {69829852-80A7-474C-B410-D8DFC11A8416}
		{E0E4E80B-59D7-421A-B40C-EAAC7DD95425} = {1D763F5F-F1A4-48A5-9FC0-5D32A1AC6C65}
		{9DFBA7B1-D5BA-4609-BF3F-6EB078D9465D} = {1D763F5F-F1A4-48A5-9FC0-5D32A1AC6C65}
		{2EF53BEB-3ED2-484B-A26A-037037A92ED0} = {E0E4E80B-59D7-421A-B40C-EAAC7DD95425}
		{B65078EF-7B7D-47E2-8948-8054854F3511} = {E0E4E80B-59D7-421A-B40C-EAAC7DD95425}
		{F5EABB53-AC2E-441F-B3E3-CC66E5372E7E} = {F00DA36E-D9CA-4FE1-9162-4EBFD7F8AA6D}
		{F0CAE900-4B0A-42B8-82B7-7291E2D7FA4B} = {44E04000-57B7-4A5D-8CD3-63D84B88E485}
		{F00DA36E-D9CA-4FE1-9162-4EBFD7F8AA6D} = {A2A160D0-25B3-41F7-B9C6-24E1941CA433}
		{6BAF94E1-25CC-43EE-9DA9-6FA4961D6C64} = {44E04000-57B7-4A5D-8CD3-63D84B88E485}
		{B3EDE8AF-27DB-438B-B342-0247119F7147} = {44E04000-57B7-4A5D-8CD3-63D84B88E485}
		{80040290-B462-474B-8BC3-3E0AB1875519} = {44E04000-57B7-4A5D-8CD3-63D84B88E485}
		{E170E442-A9CC-44D6-9902-FBCE58E52A39} = {44E04000-57B7-4A5D-8CD3-63D84B88E485}
		{F56811DD-9192-472B-AF2E-A2C673368BC2} = {44E04000-57B7-4A5D-8CD3-63D84B88E485}
		{E67C9C29-F9BD-4020-BFC5-314C083F01A0} = {44E04000-57B7-4A5D-8CD3-63D84B88E485}
		{EDDC812E-5054-4D8D-9C45-DD7BA6BD5096} = {A2A160D0-25B3-41F7-B9C6-24E1941CA433}
		{8A5F913E-77CA-4307-8789-8A8D6869B1FC} = {44E04000-57B7-4A5D-8CD3-63D84B88E485}
		{FD771F9D-3A91-4E73-9CCA-7EA4371B67FA} = {EDDC812E-5054-4D8D-9C45-DD7BA6BD5096}
		{7D8B9D00-F15E-4208-B2DB-99A275E5E49D} = {44E04000-57B7-4A5D-8CD3-63D84B88E485}
		{DADD84E2-4C22-485D-8D43-549928B62FC2} = {44E04000-57B7-4A5D-8CD3-63D84B88E485}
		{872F8A6A-A873-4E1B-8727-789D9031351D} = {44E04000-57B7-4A5D-8CD3-63D84B88E485}
		{1EC3AC20-266D-4A56-84CC-6F71B7D91D45} = {44E04000-57B7-4A5D-8CD3-63D84B88E485}
	EndGlobalSection
	GlobalSection(ExtensibilityGlobals) = postSolution
		SolutionGuid = {8608561B-B8B3-4CAE-BAA3-DE57643564EE}
	EndGlobalSection
EndGlobal
